
Microsoft Visual Studio Solution File, Format Version 12.00
# Visual Studio Version 17
VisualStudioVersion = 17.5.002.0
MinimumVisualStudioVersion = 10.0.40219.1
Project("{9A19103F-16F7-4668-BE54-9A1E7A4F7556}") = "14-question-program-russk14", "14-question-program-russk14.csproj", "{5D812E67-016B-4029-821E-82C0D6758C23}"
EndProject
Global
	GlobalSection(SolutionConfigurationPlatforms) = preSolution
		Debug|Any CPU = Debug|Any CPU
		Release|Any CPU = Release|Any CPU
	EndGlobalSection
	GlobalSection(ProjectConfigurationPlatforms) = postSolution
		{5D812E67-016B-4029-821E-82C0D6758C23}.Debug|Any CPU.ActiveCfg = Debug|Any CPU
		{5D812E67-016B-4029-821E-82C0D6758C23}.Debug|Any CPU.Build.0 = Debug|Any CPU
		{5D812E67-016B-4029-821E-82C0D6758C23}.Release|Any CPU.ActiveCfg = Release|Any CPU
		{5D812E67-016B-4029-821E-82C0D6758C23}.Release|Any CPU.Build.0 = Release|Any CPU
	EndGlobalSection
	GlobalSection(SolutionProperties) = preSolution
		HideSolutionNode = FALSE
	EndGlobalSection
	GlobalSection(ExtensibilityGlobals) = postSolution
		SolutionGuid = {F6144F93-1619-413E-BF5E-CC298DB8140D}
	EndGlobalSection
EndGlobal
